// !$*UTF8*$!
{
	archiveVersion = 1;
	classes = {
	};
	objectVersion = 46;
	objects = {

/* Begin PBXBuildFile section */
		65BF345D18559CC900076C52 /* Foundation.framework in Frameworks */ = {isa = PBXBuildFile; fileRef = 65BF345C18559CC900076C52 /* Foundation.framework */; };
		65BF345F18559CC900076C52 /* CoreGraphics.framework in Frameworks */ = {isa = PBXBuildFile; fileRef = 65BF345E18559CC900076C52 /* CoreGraphics.framework */; };
		65BF346118559CC900076C52 /* UIKit.framework in Frameworks */ = {isa = PBXBuildFile; fileRef = 65BF346018559CC900076C52 /* UIKit.framework */; };
		65BF346718559CC900076C52 /* InfoPlist.strings in Resources */ = {isa = PBXBuildFile; fileRef = 65BF346518559CC900076C52 /* InfoPlist.strings */; };
		65BF346918559CC900076C52 /* main.m in Sources */ = {isa = PBXBuildFile; fileRef = 65BF346818559CC900076C52 /* main.m */; };
		65BF346D18559CC900076C52 /* AppDelegate.m in Sources */ = {isa = PBXBuildFile; fileRef = 65BF346C18559CC900076C52 /* AppDelegate.m */; };
		65BF347018559CC900076C52 /* Main.storyboard in Resources */ = {isa = PBXBuildFile; fileRef = 65BF346E18559CC900076C52 /* Main.storyboard */; };
		65BF347318559CC900076C52 /* ViewController.m in Sources */ = {isa = PBXBuildFile; fileRef = 65BF347218559CC900076C52 /* ViewController.m */; };
		65BF347518559CC900076C52 /* Images.xcassets in Resources */ = {isa = PBXBuildFile; fileRef = 65BF347418559CC900076C52 /* Images.xcassets */; };
		65BF347C18559CCA00076C52 /* XCTest.framework in Frameworks */ = {isa = PBXBuildFile; fileRef = 65BF347B18559CCA00076C52 /* XCTest.framework */; };
		65BF347D18559CCA00076C52 /* Foundation.framework in Frameworks */ = {isa = PBXBuildFile; fileRef = 65BF345C18559CC900076C52 /* Foundation.framework */; };
		65BF347E18559CCA00076C52 /* UIKit.framework in Frameworks */ = {isa = PBXBuildFile; fileRef = 65BF346018559CC900076C52 /* UIKit.framework */; };
		65BF348618559CCA00076C52 /* InfoPlist.strings in Resources */ = {isa = PBXBuildFile; fileRef = 65BF348418559CCA00076C52 /* InfoPlist.strings */; };
		65BF348818559CCA00076C52 /* HelloButtonTests.m in Sources */ = {isa = PBXBuildFile; fileRef = 65BF348718559CCA00076C52 /* HelloButtonTests.m */; };
/* End PBXBuildFile section */

/* Begin PBXContainerItemProxy section */
		65BF347F18559CCA00076C52 /* PBXContainerItemProxy */ = {
			isa = PBXContainerItemProxy;
			containerPortal = 65BF345118559CC900076C52 /* Project object */;
			proxyType = 1;
			remoteGlobalIDString = 65BF345818559CC900076C52;
			remoteInfo = HelloButton;
		};
/* End PBXContainerItemProxy section */

/* Begin PBXFileReference section */
		65BF345918559CC900076C52 /* HelloButton.app */ = {isa = PBXFileReference; explicitFileType = wrapper.application; includeInIndex = 0; path = HelloButton.app; sourceTree = BUILT_PRODUCTS_DIR; };
		65BF345C18559CC900076C52 /* Foundation.framework */ = {isa = PBXFileReference; lastKnownFileType = wrapper.framework; name = Foundation.framework; path = System/Library/Frameworks/Foundation.framework; sourceTree = SDKROOT; };
		65BF345E18559CC900076C52 /* CoreGraphics.framework */ = {isa = PBXFileReference; lastKnownFileType = wrapper.framework; name = CoreGraphics.framework; path = System/Library/Frameworks/CoreGraphics.framework; sourceTree = SDKROOT; };
		65BF346018559CC900076C52 /* UIKit.framework */ = {isa = PBXFileReference; lastKnownFileType = wrapper.framework; name = UIKit.framework; path = System/Library/Frameworks/UIKit.framework; sourceTree = SDKROOT; };
		65BF346418559CC900076C52 /* HelloButton-Info.plist */ = {isa = PBXFileReference; lastKnownFileType = text.plist.xml; path = "HelloButton-Info.plist"; sourceTree = "<group>"; };
		65BF346618559CC900076C52 /* en */ = {isa = PBXFileReference; lastKnownFileType = text.plist.strings; name = en; path = en.lproj/InfoPlist.strings; sourceTree = "<group>"; };
		65BF346818559CC900076C52 /* main.m */ = {isa = PBXFileReference; lastKnownFileType = sourcecode.c.objc; path = main.m; sourceTree = "<group>"; };
		65BF346A18559CC900076C52 /* HelloButton-Prefix.pch */ = {isa = PBXFileReference; lastKnownFileType = sourcecode.c.h; path = "HelloButton-Prefix.pch"; sourceTree = "<group>"; };
		65BF346B18559CC900076C52 /* AppDelegate.h */ = {isa = PBXFileReference; lastKnownFileType = sourcecode.c.h; path = AppDelegate.h; sourceTree = "<group>"; };
		65BF346C18559CC900076C52 /* AppDelegate.m */ = {isa = PBXFileReference; lastKnownFileType = sourcecode.c.objc; path = AppDelegate.m; sourceTree = "<group>"; };
		65BF346F18559CC900076C52 /* Base */ = {isa = PBXFileReference; lastKnownFileType = file.storyboard; name = Base; path = Base.lproj/Main.storyboard; sourceTree = "<group>"; };
		65BF347118559CC900076C52 /* ViewController.h */ = {isa = PBXFileReference; lastKnownFileType = sourcecode.c.h; path = ViewController.h; sourceTree = "<group>"; };
		65BF347218559CC900076C52 /* ViewController.m */ = {isa = PBXFileReference; lastKnownFileType = sourcecode.c.objc; path = ViewController.m; sourceTree = "<group>"; };
		65BF347418559CC900076C52 /* Images.xcassets */ = {isa = PBXFileReference; lastKnownFileType = folder.assetcatalog; path = Images.xcassets; sourceTree = "<group>"; };
		65BF347A18559CCA00076C52 /* HelloButtonTests.xctest */ = {isa = PBXFileReference; explicitFileType = wrapper.cfbundle; includeInIndex = 0; path = HelloButtonTests.xctest; sourceTree = BUILT_PRODUCTS_DIR; };
		65BF347B18559CCA00076C52 /* XCTest.framework */ = {isa = PBXFileReference; lastKnownFileType = wrapper.framework; name = XCTest.framework; path = Library/Frameworks/XCTest.framework; sourceTree = DEVELOPER_DIR; };
		65BF348318559CCA00076C52 /* HelloButtonTests-Info.plist */ = {isa = PBXFileReference; lastKnownFileType = text.plist.xml; path = "HelloButtonTests-Info.plist"; sourceTree = "<group>"; };
		65BF348518559CCA00076C52 /* en */ = {isa = PBXFileReference; lastKnownFileType = text.plist.strings; name = en; path = en.lproj/InfoPlist.strings; sourceTree = "<group>"; };
		65BF348718559CCA00076C52 /* HelloButtonTests.m */ = {isa = PBXFileReference; lastKnownFileType = sourcecode.c.objc; path = HelloButtonTests.m; sourceTree = "<group>"; };
/* End PBXFileReference section */

/* Begin PBXFrameworksBuildPhase section */
		65BF345618559CC900076C52 /* Frameworks */ = {
			isa = PBXFrameworksBuildPhase;
			buildActionMask = 2147483647;
			files = (
				65BF345F18559CC900076C52 /* CoreGraphics.framework in Frameworks */,
				65BF346118559CC900076C52 /* UIKit.framework in Frameworks */,
				65BF345D18559CC900076C52 /* Foundation.framework in Frameworks */,
			);
			runOnlyForDeploymentPostprocessing = 0;
		};
		65BF347718559CCA00076C52 /* Frameworks */ = {
			isa = PBXFrameworksBuildPhase;
			buildActionMask = 2147483647;
			files = (
				65BF347C18559CCA00076C52 /* XCTest.framework in Frameworks */,
				65BF347E18559CCA00076C52 /* UIKit.framework in Frameworks */,
				65BF347D18559CCA00076C52 /* Foundation.framework in Frameworks */,
			);
			runOnlyForDeploymentPostprocessing = 0;
		};
/* End PBXFrameworksBuildPhase section */

/* Begin PBXGroup section */
		65BF345018559CC900076C52 = {
			isa = PBXGroup;
			children = (
				65BF346218559CC900076C52 /* HelloButton */,
				65BF348118559CCA00076C52 /* HelloButtonTests */,
				65BF345B18559CC900076C52 /* Frameworks */,
				65BF345A18559CC900076C52 /* Products */,
			);
			sourceTree = "<group>";
		};
		65BF345A18559CC900076C52 /* Products */ = {
			isa = PBXGroup;
			children = (
				65BF345918559CC900076C52 /* HelloButton.app */,
				65BF347A18559CCA00076C52 /* HelloButtonTests.xctest */,
			);
			name = Products;
			sourceTree = "<group>";
		};
		65BF345B18559CC900076C52 /* Frameworks */ = {
			isa = PBXGroup;
			children = (
				65BF345C18559CC900076C52 /* Foundation.framework */,
				65BF345E18559CC900076C52 /* CoreGraphics.framework */,
				65BF346018559CC900076C52 /* UIKit.framework */,
				65BF347B18559CCA00076C52 /* XCTest.framework */,
			);
			name = Frameworks;
			sourceTree = "<group>";
		};
		65BF346218559CC900076C52 /* HelloButton */ = {
			isa = PBXGroup;
			children = (
				65BF346B18559CC900076C52 /* AppDelegate.h */,
				65BF346C18559CC900076C52 /* AppDelegate.m */,
				65BF346E18559CC900076C52 /* Main.storyboard */,
				65BF347118559CC900076C52 /* ViewController.h */,
				65BF347218559CC900076C52 /* ViewController.m */,
				65BF347418559CC900076C52 /* Images.xcassets */,
				65BF346318559CC900076C52 /* Supporting Files */,
			);
			path = HelloButton;
			sourceTree = "<group>";
		};
		65BF346318559CC900076C52 /* Supporting Files */ = {
			isa = PBXGroup;
			children = (
				65BF346418559CC900076C52 /* HelloButton-Info.plist */,
				65BF346518559CC900076C52 /* InfoPlist.strings */,
				65BF346818559CC900076C52 /* main.m */,
				65BF346A18559CC900076C52 /* HelloButton-Prefix.pch */,
			);
			name = "Supporting Files";
			sourceTree = "<group>";
		};
		65BF348118559CCA00076C52 /* HelloButtonTests */ = {
			isa = PBXGroup;
			children = (
				65BF348718559CCA00076C52 /* HelloButtonTests.m */,
				65BF348218559CCA00076C52 /* Supporting Files */,
			);
			path = HelloButtonTests;
			sourceTree = "<group>";
		};
		65BF348218559CCA00076C52 /* Supporting Files */ = {
			isa = PBXGroup;
			children = (
				65BF348318559CCA00076C52 /* HelloButtonTests-Info.plist */,
				65BF348418559CCA00076C52 /* InfoPlist.strings */,
			);
			name = "Supporting Files";
			sourceTree = "<group>";
		};
/* End PBXGroup section */

/* Begin PBXNativeTarget section */
		65BF345818559CC900076C52 /* HelloButton */ = {
			isa = PBXNativeTarget;
			buildConfigurationList = 65BF348B18559CCA00076C52 /* Build configuration list for PBXNativeTarget "HelloButton" */;
			buildPhases = (
				65BF345518559CC900076C52 /* Sources */,
				65BF345618559CC900076C52 /* Frameworks */,
				65BF345718559CC900076C52 /* Resources */,
			);
			buildRules = (
			);
			dependencies = (
			);
			name = HelloButton;
			productName = HelloButton;
			productReference = 65BF345918559CC900076C52 /* HelloButton.app */;
			productType = "com.apple.product-type.application";
		};
		65BF347918559CCA00076C52 /* HelloButtonTests */ = {
			isa = PBXNativeTarget;
			buildConfigurationList = 65BF348E18559CCA00076C52 /* Build configuration list for PBXNativeTarget "HelloButtonTests" */;
			buildPhases = (
				65BF347618559CCA00076C52 /* Sources */,
				65BF347718559CCA00076C52 /* Frameworks */,
				65BF347818559CCA00076C52 /* Resources */,
			);
			buildRules = (
			);
			dependencies = (
				65BF348018559CCA00076C52 /* PBXTargetDependency */,
			);
			name = HelloButtonTests;
			productName = HelloButtonTests;
			productReference = 65BF347A18559CCA00076C52 /* HelloButtonTests.xctest */;
			productType = "com.apple.product-type.bundle.unit-test";
		};
/* End PBXNativeTarget section */

/* Begin PBXProject section */
		65BF345118559CC900076C52 /* Project object */ = {
			isa = PBXProject;
			attributes = {
				LastUpgradeCheck = 0500;
				ORGANIZATIONNAME = "Takayuki Hitotsugi";
				TargetAttributes = {
					65BF347918559CCA00076C52 = {
						TestTargetID = 65BF345818559CC900076C52;
					};
				};
			};
			buildConfigurationList = 65BF345418559CC900076C52 /* Build configuration list for PBXProject "HelloButton" */;
			compatibilityVersion = "Xcode 3.2";
			developmentRegion = English;
			hasScannedForEncodings = 0;
			knownRegions = (
				en,
				Base,
			);
			mainGroup = 65BF345018559CC900076C52;
			productRefGroup = 65BF345A18559CC900076C52 /* Products */;
			projectDirPath = "";
			projectRoot = "";
			targets = (
				65BF345818559CC900076C52 /* HelloButton */,
				65BF347918559CCA00076C52 /* HelloButtonTests */,
			);
		};
/* End PBXProject section */

/* Begin PBXResourcesBuildPhase section */
		65BF345718559CC900076C52 /* Resources */ = {
			isa = PBXResourcesBuildPhase;
			buildActionMask = 2147483647;
			files = (
				65BF347518559CC900076C52 /* Images.xcassets in Resources */,
				65BF346718559CC900076C52 /* InfoPlist.strings in Resources */,
				65BF347018559CC900076C52 /* Main.storyboard in Resources */,
			);
			runOnlyForDeploymentPostprocessing = 0;
		};
		65BF347818559CCA00076C52 /* Resources */ = {
			isa = PBXResourcesBuildPhase;
			buildActionMask = 2147483647;
			files = (
				65BF348618559CCA00076C52 /* InfoPlist.strings in Resources */,
			);
			runOnlyForDeploymentPostprocessing = 0;
		};
/* End PBXResourcesBuildPhase section */

/* Begin PBXSourcesBuildPhase section */
		65BF345518559CC900076C52 /* Sources */ = {
			isa = PBXSourcesBuildPhase;
			buildActionMask = 2147483647;
			files = (
				65BF347318559CC900076C52 /* ViewController.m in Sources */,
				65BF346D18559CC900076C52 /* AppDelegate.m in Sources */,
				65BF346918559CC900076C52 /* main.m in Sources */,
			);
			runOnlyForDeploymentPostprocessing = 0;
		};
		65BF347618559CCA00076C52 /* Sources */ = {
			isa = PBXSourcesBuildPhase;
			buildActionMask = 2147483647;
			files = (
				65BF348818559CCA00076C52 /* HelloButtonTests.m in Sources */,
			);
			runOnlyForDeploymentPostprocessing = 0;
		};
/* End PBXSourcesBuildPhase section */

/* Begin PBXTargetDependency section */
		65BF348018559CCA00076C52 /* PBXTargetDependency */ = {
			isa = PBXTargetDependency;
			target = 65BF345818559CC900076C52 /* HelloButton */;
			targetProxy = 65BF347F18559CCA00076C52 /* PBXContainerItemProxy */;
		};
/* End PBXTargetDependency section */

/* Begin PBXVariantGroup section */
		65BF346518559CC900076C52 /* InfoPlist.strings */ = {
			isa = PBXVariantGroup;
			children = (
				65BF346618559CC900076C52 /* en */,
			);
			name = InfoPlist.strings;
			sourceTree = "<group>";
		};
		65BF346E18559CC900076C52 /* Main.storyboard */ = {
			isa = PBXVariantGroup;
			children = (
				65BF346F18559CC900076C52 /* Base */,
			);
			name = Main.storyboard;
			sourceTree = "<group>";
		};
		65BF348418559CCA00076C52 /* InfoPlist.strings */ = {
			isa = PBXVariantGroup;
			children = (
				65BF348518559CCA00076C52 /* en */,
			);
			name = InfoPlist.strings;
			sourceTree = "<group>";
		};
/* End PBXVariantGroup section */

/* Begin XCBuildConfiguration section */
		65BF348918559CCA00076C52 /* Debug */ = {
			isa = XCBuildConfiguration;
			buildSettings = {
				ALWAYS_SEARCH_USER_PATHS = NO;
				ARCHS = "$(ARCHS_STANDARD_INCLUDING_64_BIT)";
				CLANG_CXX_LANGUAGE_STANDARD = "gnu++0x";
				CLANG_CXX_LIBRARY = "libc++";
				CLANG_ENABLE_MODULES = YES;
				CLANG_ENABLE_OBJC_ARC = YES;
				CLANG_WARN_BOOL_CONVERSION = YES;
				CLANG_WARN_CONSTANT_CONVERSION = YES;
				CLANG_WARN_DIRECT_OBJC_ISA_USAGE = YES_ERROR;
				CLANG_WARN_EMPTY_BODY = YES;
				CLANG_WARN_ENUM_CONVERSION = YES;
				CLANG_WARN_INT_CONVERSION = YES;
				CLANG_WARN_OBJC_ROOT_CLASS = YES_ERROR;
				CLANG_WARN__DUPLICATE_METHOD_MATCH = YES;
				"CODE_SIGN_IDENTITY[sdk=iphoneos*]" = "iPhone Developer";
				COPY_PHASE_STRIP = NO;
				GCC_C_LANGUAGE_STANDARD = gnu99;
				GCC_DYNAMIC_NO_PIC = NO;
				GCC_OPTIMIZATION_LEVEL = 0;
				GCC_PREPROCESSOR_DEFINITIONS = (
					"DEBUG=1",
					"$(inherited)",
				);
				GCC_SYMBOLS_PRIVATE_EXTERN = NO;
				GCC_WARN_64_TO_32_BIT_CONVERSION = YES;
				GCC_WARN_ABOUT_RETURN_TYPE = YES_ERROR;
				GCC_WARN_UNDECLARED_SELECTOR = YES;
				GCC_WARN_UNINITIALIZED_AUTOS = YES;
				GCC_WARN_UNUSED_FUNCTION = YES;
				GCC_WARN_UNUSED_VARIABLE = YES;
				IPHONEOS_DEPLOYMENT_TARGET = 7.0;
				ONLY_ACTIVE_ARCH = YES;
				SDKROOT = iphoneos;
			};
			name = Debug;
		};
		65BF348A18559CCA00076C52 /* Release */ = {
			isa = XCBuildConfiguration;
			buildSettings = {
				ALWAYS_SEARCH_USER_PATHS = NO;
				ARCHS = "$(ARCHS_STANDARD_INCLUDING_64_BIT)";
				CLANG_CXX_LANGUAGE_STANDARD = "gnu++0x";
				CLANG_CXX_LIBRARY = "libc++";
				CLANG_ENABLE_MODULES = YES;
				CLANG_ENABLE_OBJC_ARC = YES;
				CLANG_WARN_BOOL_CONVERSION = YES;
				CLANG_WARN_CONSTANT_CONVERSION = YES;
				CLANG_WARN_DIRECT_OBJC_ISA_USAGE = YES_ERROR;
				CLANG_WARN_EMPTY_BODY = YES;
				CLANG_WARN_ENUM_CONVERSION = YES;
				CLANG_WARN_INT_CONVERSION = YES;
				CLANG_WARN_OBJC_ROOT_CLASS = YES_ERROR;
				CLANG_WARN__DUPLICATE_METHOD_MATCH = YES;
				"CODE_SIGN_IDENTITY[sdk=iphoneos*]" = "iPhone Developer";
				COPY_PHASE_STRIP = YES;
				ENABLE_NS_ASSERTIONS = NO;
				GCC_C_LANGUAGE_STANDARD = gnu99;
				GCC_WARN_64_TO_32_BIT_CONVERSION = YES;
				GCC_WARN_ABOUT_RETURN_TYPE = YES_ERROR;
				GCC_WARN_UNDECLARED_SELECTOR = YES;
				GCC_WARN_UNINITIALIZED_AUTOS = YES;
				GCC_WARN_UNUSED_FUNCTION = YES;
				GCC_WARN_UNUSED_VARIABLE = YES;
				IPHONEOS_DEPLOYMENT_TARGET = 7.0;
				SDKROOT = iphoneos;
				VALIDATE_PRODUCT = YES;
			};
			name = Release;
		};
		65BF348C18559CCA00076C52 /* Debug */ = {
			isa = XCBuildConfiguration;
			buildSettings = {
				ASSETCATALOG_COMPILER_APPICON_NAME = AppIcon;
				ASSETCATALOG_COMPILER_LAUNCHIMAGE_NAME = LaunchImage;
				GCC_PRECOMPILE_PREFIX_HEADER = YES;
				GCC_PREFIX_HEADER = "HelloButton/HelloButton-Prefix.pch";
				INFOPLIST_FILE = "HelloButton/HelloButton-Info.plist";
				PRODUCT_NAME = "$(TARGET_NAME)";
				WRAPPER_EXTENSION = app;
			};
			name = Debug;
		};
		65BF348D18559CCA00076C52 /* Release */ = {
			isa = XCBuildConfiguration;
			buildSettings = {
				ASSETCATALOG_COMPILER_APPICON_NAME = AppIcon;
				ASSETCATALOG_COMPILER_LAUNCHIMAGE_NAME = LaunchImage;
				GCC_PRECOMPILE_PREFIX_HEADER = YES;
				GCC_PREFIX_HEADER = "HelloButton/HelloButton-Prefix.pch";
				INFOPLIST_FILE = "HelloButton/HelloButton-Info.plist";
				PRODUCT_NAME = "$(TARGET_NAME)";
				WRAPPER_EXTENSION = app;
			};
			name = Release;
		};
		65BF348F18559CCA00076C52 /* Debug */ = {
			isa = XCBuildConfiguration;
			buildSettings = {
				ARCHS = "$(ARCHS_STANDARD_INCLUDING_64_BIT)";
				BUNDLE_LOADER = "$(BUILT_PRODUCTS_DIR)/HelloButton.app/HelloButton";
				FRAMEWORK_SEARCH_PATHS = (
					"$(SDKROOT)/Developer/Library/Frameworks",
					"$(inherited)",
					"$(DEVELOPER_FRAMEWORKS_DIR)",
				);
				GCC_PRECOMPILE_PREFIX_HEADER = YES;
				GCC_PREFIX_HEADER = "HelloButton/HelloButton-Prefix.pch";
				GCC_PREPROCESSOR_DEFINITIONS = (
					"DEBUG=1",
					"$(inherited)",
				);
				INFOPLIST_FILE = "HelloButtonTests/HelloButtonTests-Info.plist";
				PRODUCT_NAME = "$(TARGET_NAME)";
				TEST_HOST = "$(BUNDLE_LOADER)";
				WRAPPER_EXTENSION = xctest;
			};
			name = Debug;
		};
		65BF349018559CCA00076C52 /* Release */ = {
			isa = XCBuildConfiguration;
			buildSettings = {
				ARCHS = "$(ARCHS_STANDARD_INCLUDING_64_BIT)";
				BUNDLE_LOADER = "$(BUILT_PRODUCTS_DIR)/HelloButton.app/HelloButton";
				FRAMEWORK_SEARCH_PATHS = (
					"$(SDKROOT)/Developer/Library/Frameworks",
					"$(inherited)",
					"$(DEVELOPER_FRAMEWORKS_DIR)",
				);
				GCC_PRECOMPILE_PREFIX_HEADER = YES;
				GCC_PREFIX_HEADER = "HelloButton/HelloButton-Prefix.pch";
				INFOPLIST_FILE = "HelloButtonTests/HelloButtonTests-Info.plist";
				PRODUCT_NAME = "$(TARGET_NAME)";
				TEST_HOST = "$(BUNDLE_LOADER)";
				WRAPPER_EXTENSION = xctest;
			};
			name = Release;
		};
/* End XCBuildConfiguration section */

/* Begin XCConfigurationList section */
		65BF345418559CC900076C52 /* Build configuration list for PBXProject "HelloButton" */ = {
			isa = XCConfigurationList;
			buildConfigurations = (
				65BF348918559CCA00076C52 /* Debug */,
				65BF348A18559CCA00076C52 /* Release */,
			);
			defaultConfigurationIsVisible = 0;
			defaultConfigurationName = Release;
		};
		65BF348B18559CCA00076C52 /* Build configuration list for PBXNativeTarget "HelloButton" */ = {
			isa = XCConfigurationList;
			buildConfigurations = (
				65BF348C18559CCA00076C52 /* Debug */,
				65BF348D18559CCA00076C52 /* Release */,
			);
			defaultConfigurationIsVisible = 0;
		};
		65BF348E18559CCA00076C52 /* Build configuration list for PBXNativeTarget "HelloButtonTests" */ = {
			isa = XCConfigurationList;
			buildConfigurations = (
				65BF348F18559CCA00076C52 /* Debug */,
				65BF349018559CCA00076C52 /* Release */,
			);
			defaultConfigurationIsVisible = 0;
		};
/* End XCConfigurationList section */
	};
	rootObject = 65BF345118559CC900076C52 /* Project object */;
}
