// !$*UTF8*$!
{
	archiveVersion = 1;
	classes = {
	};
	objectVersion = 46;
	objects = {

/* Begin PBXBuildFile section */
		657F32BF1855AA5600F6E7A3 /* Foundation.framework in Frameworks */ = {isa = PBXBuildFile; fileRef = 657F32BE1855AA5600F6E7A3 /* Foundation.framework */; };
		657F32C11855AA5600F6E7A3 /* CoreGraphics.framework in Frameworks */ = {isa = PBXBuildFile; fileRef = 657F32C01855AA5600F6E7A3 /* CoreGraphics.framework */; };
		657F32C31855AA5600F6E7A3 /* UIKit.framework in Frameworks */ = {isa = PBXBuildFile; fileRef = 657F32C21855AA5600F6E7A3 /* UIKit.framework */; };
		657F32C91855AA5600F6E7A3 /* InfoPlist.strings in Resources */ = {isa = PBXBuildFile; fileRef = 657F32C71855AA5600F6E7A3 /* InfoPlist.strings */; };
		657F32CB1855AA5600F6E7A3 /* main.m in Sources */ = {isa = PBXBuildFile; fileRef = 657F32CA1855AA5600F6E7A3 /* main.m */; };
		657F32CF1855AA5600F6E7A3 /* AppDelegate.m in Sources */ = {isa = PBXBuildFile; fileRef = 657F32CE1855AA5600F6E7A3 /* AppDelegate.m */; };
		657F32D21855AA5600F6E7A3 /* Main.storyboard in Resources */ = {isa = PBXBuildFile; fileRef = 657F32D01855AA5600F6E7A3 /* Main.storyboard */; };
		657F32D51855AA5600F6E7A3 /* ViewController.m in Sources */ = {isa = PBXBuildFile; fileRef = 657F32D41855AA5600F6E7A3 /* ViewController.m */; };
		657F32D71855AA5600F6E7A3 /* Images.xcassets in Resources */ = {isa = PBXBuildFile; fileRef = 657F32D61855AA5600F6E7A3 /* Images.xcassets */; };
		657F32DE1855AA5600F6E7A3 /* XCTest.framework in Frameworks */ = {isa = PBXBuildFile; fileRef = 657F32DD1855AA5600F6E7A3 /* XCTest.framework */; };
		657F32DF1855AA5600F6E7A3 /* Foundation.framework in Frameworks */ = {isa = PBXBuildFile; fileRef = 657F32BE1855AA5600F6E7A3 /* Foundation.framework */; };
		657F32E01855AA5600F6E7A3 /* UIKit.framework in Frameworks */ = {isa = PBXBuildFile; fileRef = 657F32C21855AA5600F6E7A3 /* UIKit.framework */; };
		657F32E81855AA5700F6E7A3 /* InfoPlist.strings in Resources */ = {isa = PBXBuildFile; fileRef = 657F32E61855AA5700F6E7A3 /* InfoPlist.strings */; };
		657F32EA1855AA5700F6E7A3 /* buttonTests.m in Sources */ = {isa = PBXBuildFile; fileRef = 657F32E91855AA5700F6E7A3 /* buttonTests.m */; };
/* End PBXBuildFile section */

/* Begin PBXContainerItemProxy section */
		657F32E11855AA5700F6E7A3 /* PBXContainerItemProxy */ = {
			isa = PBXContainerItemProxy;
			containerPortal = 657F32B31855AA5600F6E7A3 /* Project object */;
			proxyType = 1;
			remoteGlobalIDString = 657F32BA1855AA5600F6E7A3;
			remoteInfo = button;
		};
/* End PBXContainerItemProxy section */

/* Begin PBXFileReference section */
		657F32BB1855AA5600F6E7A3 /* button.app */ = {isa = PBXFileReference; explicitFileType = wrapper.application; includeInIndex = 0; path = button.app; sourceTree = BUILT_PRODUCTS_DIR; };
		657F32BE1855AA5600F6E7A3 /* Foundation.framework */ = {isa = PBXFileReference; lastKnownFileType = wrapper.framework; name = Foundation.framework; path = System/Library/Frameworks/Foundation.framework; sourceTree = SDKROOT; };
		657F32C01855AA5600F6E7A3 /* CoreGraphics.framework */ = {isa = PBXFileReference; lastKnownFileType = wrapper.framework; name = CoreGraphics.framework; path = System/Library/Frameworks/CoreGraphics.framework; sourceTree = SDKROOT; };
		657F32C21855AA5600F6E7A3 /* UIKit.framework */ = {isa = PBXFileReference; lastKnownFileType = wrapper.framework; name = UIKit.framework; path = System/Library/Frameworks/UIKit.framework; sourceTree = SDKROOT; };
		657F32C61855AA5600F6E7A3 /* button-Info.plist */ = {isa = PBXFileReference; lastKnownFileType = text.plist.xml; path = "button-Info.plist"; sourceTree = "<group>"; };
		657F32C81855AA5600F6E7A3 /* en */ = {isa = PBXFileReference; lastKnownFileType = text.plist.strings; name = en; path = en.lproj/InfoPlist.strings; sourceTree = "<group>"; };
		657F32CA1855AA5600F6E7A3 /* main.m */ = {isa = PBXFileReference; lastKnownFileType = sourcecode.c.objc; path = main.m; sourceTree = "<group>"; };
		657F32CC1855AA5600F6E7A3 /* button-Prefix.pch */ = {isa = PBXFileReference; lastKnownFileType = sourcecode.c.h; path = "button-Prefix.pch"; sourceTree = "<group>"; };
		657F32CD1855AA5600F6E7A3 /* AppDelegate.h */ = {isa = PBXFileReference; lastKnownFileType = sourcecode.c.h; path = AppDelegate.h; sourceTree = "<group>"; };
		657F32CE1855AA5600F6E7A3 /* AppDelegate.m */ = {isa = PBXFileReference; lastKnownFileType = sourcecode.c.objc; path = AppDelegate.m; sourceTree = "<group>"; };
		657F32D11855AA5600F6E7A3 /* Base */ = {isa = PBXFileReference; lastKnownFileType = file.storyboard; name = Base; path = Base.lproj/Main.storyboard; sourceTree = "<group>"; };
		657F32D31855AA5600F6E7A3 /* ViewController.h */ = {isa = PBXFileReference; lastKnownFileType = sourcecode.c.h; path = ViewController.h; sourceTree = "<group>"; };
		657F32D41855AA5600F6E7A3 /* ViewController.m */ = {isa = PBXFileReference; lastKnownFileType = sourcecode.c.objc; path = ViewController.m; sourceTree = "<group>"; };
		657F32D61855AA5600F6E7A3 /* Images.xcassets */ = {isa = PBXFileReference; lastKnownFileType = folder.assetcatalog; path = Images.xcassets; sourceTree = "<group>"; };
		657F32DC1855AA5600F6E7A3 /* buttonTests.xctest */ = {isa = PBXFileReference; explicitFileType = wrapper.cfbundle; includeInIndex = 0; path = buttonTests.xctest; sourceTree = BUILT_PRODUCTS_DIR; };
		657F32DD1855AA5600F6E7A3 /* XCTest.framework */ = {isa = PBXFileReference; lastKnownFileType = wrapper.framework; name = XCTest.framework; path = Library/Frameworks/XCTest.framework; sourceTree = DEVELOPER_DIR; };
		657F32E51855AA5700F6E7A3 /* buttonTests-Info.plist */ = {isa = PBXFileReference; lastKnownFileType = text.plist.xml; path = "buttonTests-Info.plist"; sourceTree = "<group>"; };
		657F32E71855AA5700F6E7A3 /* en */ = {isa = PBXFileReference; lastKnownFileType = text.plist.strings; name = en; path = en.lproj/InfoPlist.strings; sourceTree = "<group>"; };
		657F32E91855AA5700F6E7A3 /* buttonTests.m */ = {isa = PBXFileReference; lastKnownFileType = sourcecode.c.objc; path = buttonTests.m; sourceTree = "<group>"; };
/* End PBXFileReference section */

/* Begin PBXFrameworksBuildPhase section */
		657F32B81855AA5600F6E7A3 /* Frameworks */ = {
			isa = PBXFrameworksBuildPhase;
			buildActionMask = 2147483647;
			files = (
				657F32C11855AA5600F6E7A3 /* CoreGraphics.framework in Frameworks */,
				657F32C31855AA5600F6E7A3 /* UIKit.framework in Frameworks */,
				657F32BF1855AA5600F6E7A3 /* Foundation.framework in Frameworks */,
			);
			runOnlyForDeploymentPostprocessing = 0;
		};
		657F32D91855AA5600F6E7A3 /* Frameworks */ = {
			isa = PBXFrameworksBuildPhase;
			buildActionMask = 2147483647;
			files = (
				657F32DE1855AA5600F6E7A3 /* XCTest.framework in Frameworks */,
				657F32E01855AA5600F6E7A3 /* UIKit.framework in Frameworks */,
				657F32DF1855AA5600F6E7A3 /* Foundation.framework in Frameworks */,
			);
			runOnlyForDeploymentPostprocessing = 0;
		};
/* End PBXFrameworksBuildPhase section */

/* Begin PBXGroup section */
		657F32B21855AA5600F6E7A3 = {
			isa = PBXGroup;
			children = (
				657F32C41855AA5600F6E7A3 /* button */,
				657F32E31855AA5700F6E7A3 /* buttonTests */,
				657F32BD1855AA5600F6E7A3 /* Frameworks */,
				657F32BC1855AA5600F6E7A3 /* Products */,
			);
			sourceTree = "<group>";
		};
		657F32BC1855AA5600F6E7A3 /* Products */ = {
			isa = PBXGroup;
			children = (
				657F32BB1855AA5600F6E7A3 /* button.app */,
				657F32DC1855AA5600F6E7A3 /* buttonTests.xctest */,
			);
			name = Products;
			sourceTree = "<group>";
		};
		657F32BD1855AA5600F6E7A3 /* Frameworks */ = {
			isa = PBXGroup;
			children = (
				657F32BE1855AA5600F6E7A3 /* Foundation.framework */,
				657F32C01855AA5600F6E7A3 /* CoreGraphics.framework */,
				657F32C21855AA5600F6E7A3 /* UIKit.framework */,
				657F32DD1855AA5600F6E7A3 /* XCTest.framework */,
			);
			name = Frameworks;
			sourceTree = "<group>";
		};
		657F32C41855AA5600F6E7A3 /* button */ = {
			isa = PBXGroup;
			children = (
				657F32CD1855AA5600F6E7A3 /* AppDelegate.h */,
				657F32CE1855AA5600F6E7A3 /* AppDelegate.m */,
				657F32D01855AA5600F6E7A3 /* Main.storyboard */,
				657F32D31855AA5600F6E7A3 /* ViewController.h */,
				657F32D41855AA5600F6E7A3 /* ViewController.m */,
				657F32D61855AA5600F6E7A3 /* Images.xcassets */,
				657F32C51855AA5600F6E7A3 /* Supporting Files */,
			);
			path = button;
			sourceTree = "<group>";
		};
		657F32C51855AA5600F6E7A3 /* Supporting Files */ = {
			isa = PBXGroup;
			children = (
				657F32C61855AA5600F6E7A3 /* button-Info.plist */,
				657F32C71855AA5600F6E7A3 /* InfoPlist.strings */,
				657F32CA1855AA5600F6E7A3 /* main.m */,
				657F32CC1855AA5600F6E7A3 /* button-Prefix.pch */,
			);
			name = "Supporting Files";
			sourceTree = "<group>";
		};
		657F32E31855AA5700F6E7A3 /* buttonTests */ = {
			isa = PBXGroup;
			children = (
				657F32E91855AA5700F6E7A3 /* buttonTests.m */,
				657F32E41855AA5700F6E7A3 /* Supporting Files */,
			);
			path = buttonTests;
			sourceTree = "<group>";
		};
		657F32E41855AA5700F6E7A3 /* Supporting Files */ = {
			isa = PBXGroup;
			children = (
				657F32E51855AA5700F6E7A3 /* buttonTests-Info.plist */,
				657F32E61855AA5700F6E7A3 /* InfoPlist.strings */,
			);
			name = "Supporting Files";
			sourceTree = "<group>";
		};
/* End PBXGroup section */

/* Begin PBXNativeTarget section */
		657F32BA1855AA5600F6E7A3 /* button */ = {
			isa = PBXNativeTarget;
			buildConfigurationList = 657F32ED1855AA5700F6E7A3 /* Build configuration list for PBXNativeTarget "button" */;
			buildPhases = (
				657F32B71855AA5600F6E7A3 /* Sources */,
				657F32B81855AA5600F6E7A3 /* Frameworks */,
				657F32B91855AA5600F6E7A3 /* Resources */,
			);
			buildRules = (
			);
			dependencies = (
			);
			name = button;
			productName = button;
			productReference = 657F32BB1855AA5600F6E7A3 /* button.app */;
			productType = "com.apple.product-type.application";
		};
		657F32DB1855AA5600F6E7A3 /* buttonTests */ = {
			isa = PBXNativeTarget;
			buildConfigurationList = 657F32F01855AA5700F6E7A3 /* Build configuration list for PBXNativeTarget "buttonTests" */;
			buildPhases = (
				657F32D81855AA5600F6E7A3 /* Sources */,
				657F32D91855AA5600F6E7A3 /* Frameworks */,
				657F32DA1855AA5600F6E7A3 /* Resources */,
			);
			buildRules = (
			);
			dependencies = (
				657F32E21855AA5700F6E7A3 /* PBXTargetDependency */,
			);
			name = buttonTests;
			productName = buttonTests;
			productReference = 657F32DC1855AA5600F6E7A3 /* buttonTests.xctest */;
			productType = "com.apple.product-type.bundle.unit-test";
		};
/* End PBXNativeTarget section */

/* Begin PBXProject section */
		657F32B31855AA5600F6E7A3 /* Project object */ = {
			isa = PBXProject;
			attributes = {
				LastUpgradeCheck = 0500;
				ORGANIZATIONNAME = "Takayuki Hitotsugi";
				TargetAttributes = {
					657F32DB1855AA5600F6E7A3 = {
						TestTargetID = 657F32BA1855AA5600F6E7A3;
					};
				};
			};
			buildConfigurationList = 657F32B61855AA5600F6E7A3 /* Build configuration list for PBXProject "button" */;
			compatibilityVersion = "Xcode 3.2";
			developmentRegion = English;
			hasScannedForEncodings = 0;
			knownRegions = (
				en,
				Base,
			);
			mainGroup = 657F32B21855AA5600F6E7A3;
			productRefGroup = 657F32BC1855AA5600F6E7A3 /* Products */;
			projectDirPath = "";
			projectRoot = "";
			targets = (
				657F32BA1855AA5600F6E7A3 /* button */,
				657F32DB1855AA5600F6E7A3 /* buttonTests */,
			);
		};
/* End PBXProject section */

/* Begin PBXResourcesBuildPhase section */
		657F32B91855AA5600F6E7A3 /* Resources */ = {
			isa = PBXResourcesBuildPhase;
			buildActionMask = 2147483647;
			files = (
				657F32D71855AA5600F6E7A3 /* Images.xcassets in Resources */,
				657F32C91855AA5600F6E7A3 /* InfoPlist.strings in Resources */,
				657F32D21855AA5600F6E7A3 /* Main.storyboard in Resources */,
			);
			runOnlyForDeploymentPostprocessing = 0;
		};
		657F32DA1855AA5600F6E7A3 /* Resources */ = {
			isa = PBXResourcesBuildPhase;
			buildActionMask = 2147483647;
			files = (
				657F32E81855AA5700F6E7A3 /* InfoPlist.strings in Resources */,
			);
			runOnlyForDeploymentPostprocessing = 0;
		};
/* End PBXResourcesBuildPhase section */

/* Begin PBXSourcesBuildPhase section */
		657F32B71855AA5600F6E7A3 /* Sources */ = {
			isa = PBXSourcesBuildPhase;
			buildActionMask = 2147483647;
			files = (
				657F32D51855AA5600F6E7A3 /* ViewController.m in Sources */,
				657F32CF1855AA5600F6E7A3 /* AppDelegate.m in Sources */,
				657F32CB1855AA5600F6E7A3 /* main.m in Sources */,
			);
			runOnlyForDeploymentPostprocessing = 0;
		};
		657F32D81855AA5600F6E7A3 /* Sources */ = {
			isa = PBXSourcesBuildPhase;
			buildActionMask = 2147483647;
			files = (
				657F32EA1855AA5700F6E7A3 /* buttonTests.m in Sources */,
			);
			runOnlyForDeploymentPostprocessing = 0;
		};
/* End PBXSourcesBuildPhase section */

/* Begin PBXTargetDependency section */
		657F32E21855AA5700F6E7A3 /* PBXTargetDependency */ = {
			isa = PBXTargetDependency;
			target = 657F32BA1855AA5600F6E7A3 /* button */;
			targetProxy = 657F32E11855AA5700F6E7A3 /* PBXContainerItemProxy */;
		};
/* End PBXTargetDependency section */

/* Begin PBXVariantGroup section */
		657F32C71855AA5600F6E7A3 /* InfoPlist.strings */ = {
			isa = PBXVariantGroup;
			children = (
				657F32C81855AA5600F6E7A3 /* en */,
			);
			name = InfoPlist.strings;
			sourceTree = "<group>";
		};
		657F32D01855AA5600F6E7A3 /* Main.storyboard */ = {
			isa = PBXVariantGroup;
			children = (
				657F32D11855AA5600F6E7A3 /* Base */,
			);
			name = Main.storyboard;
			sourceTree = "<group>";
		};
		657F32E61855AA5700F6E7A3 /* InfoPlist.strings */ = {
			isa = PBXVariantGroup;
			children = (
				657F32E71855AA5700F6E7A3 /* en */,
			);
			name = InfoPlist.strings;
			sourceTree = "<group>";
		};
/* End PBXVariantGroup section */

/* Begin XCBuildConfiguration section */
		657F32EB1855AA5700F6E7A3 /* Debug */ = {
			isa = XCBuildConfiguration;
			buildSettings = {
				ALWAYS_SEARCH_USER_PATHS = NO;
				ARCHS = "$(ARCHS_STANDARD_INCLUDING_64_BIT)";
				CLANG_CXX_LANGUAGE_STANDARD = "gnu++0x";
				CLANG_CXX_LIBRARY = "libc++";
				CLANG_ENABLE_MODULES = YES;
				CLANG_ENABLE_OBJC_ARC = YES;
				CLANG_WARN_BOOL_CONVERSION = YES;
				CLANG_WARN_CONSTANT_CONVERSION = YES;
				CLANG_WARN_DIRECT_OBJC_ISA_USAGE = YES_ERROR;
				CLANG_WARN_EMPTY_BODY = YES;
				CLANG_WARN_ENUM_CONVERSION = YES;
				CLANG_WARN_INT_CONVERSION = YES;
				CLANG_WARN_OBJC_ROOT_CLASS = YES_ERROR;
				CLANG_WARN__DUPLICATE_METHOD_MATCH = YES;
				"CODE_SIGN_IDENTITY[sdk=iphoneos*]" = "iPhone Developer";
				COPY_PHASE_STRIP = NO;
				GCC_C_LANGUAGE_STANDARD = gnu99;
				GCC_DYNAMIC_NO_PIC = NO;
				GCC_OPTIMIZATION_LEVEL = 0;
				GCC_PREPROCESSOR_DEFINITIONS = (
					"DEBUG=1",
					"$(inherited)",
				);
				GCC_SYMBOLS_PRIVATE_EXTERN = NO;
				GCC_WARN_64_TO_32_BIT_CONVERSION = YES;
				GCC_WARN_ABOUT_RETURN_TYPE = YES_ERROR;
				GCC_WARN_UNDECLARED_SELECTOR = YES;
				GCC_WARN_UNINITIALIZED_AUTOS = YES;
				GCC_WARN_UNUSED_FUNCTION = YES;
				GCC_WARN_UNUSED_VARIABLE = YES;
				IPHONEOS_DEPLOYMENT_TARGET = 7.0;
				ONLY_ACTIVE_ARCH = YES;
				SDKROOT = iphoneos;
			};
			name = Debug;
		};
		657F32EC1855AA5700F6E7A3 /* Release */ = {
			isa = XCBuildConfiguration;
			buildSettings = {
				ALWAYS_SEARCH_USER_PATHS = NO;
				ARCHS = "$(ARCHS_STANDARD_INCLUDING_64_BIT)";
				CLANG_CXX_LANGUAGE_STANDARD = "gnu++0x";
				CLANG_CXX_LIBRARY = "libc++";
				CLANG_ENABLE_MODULES = YES;
				CLANG_ENABLE_OBJC_ARC = YES;
				CLANG_WARN_BOOL_CONVERSION = YES;
				CLANG_WARN_CONSTANT_CONVERSION = YES;
				CLANG_WARN_DIRECT_OBJC_ISA_USAGE = YES_ERROR;
				CLANG_WARN_EMPTY_BODY = YES;
				CLANG_WARN_ENUM_CONVERSION = YES;
				CLANG_WARN_INT_CONVERSION = YES;
				CLANG_WARN_OBJC_ROOT_CLASS = YES_ERROR;
				CLANG_WARN__DUPLICATE_METHOD_MATCH = YES;
				"CODE_SIGN_IDENTITY[sdk=iphoneos*]" = "iPhone Developer";
				COPY_PHASE_STRIP = YES;
				ENABLE_NS_ASSERTIONS = NO;
				GCC_C_LANGUAGE_STANDARD = gnu99;
				GCC_WARN_64_TO_32_BIT_CONVERSION = YES;
				GCC_WARN_ABOUT_RETURN_TYPE = YES_ERROR;
				GCC_WARN_UNDECLARED_SELECTOR = YES;
				GCC_WARN_UNINITIALIZED_AUTOS = YES;
				GCC_WARN_UNUSED_FUNCTION = YES;
				GCC_WARN_UNUSED_VARIABLE = YES;
				IPHONEOS_DEPLOYMENT_TARGET = 7.0;
				SDKROOT = iphoneos;
				VALIDATE_PRODUCT = YES;
			};
			name = Release;
		};
		657F32EE1855AA5700F6E7A3 /* Debug */ = {
			isa = XCBuildConfiguration;
			buildSettings = {
				ASSETCATALOG_COMPILER_APPICON_NAME = AppIcon;
				ASSETCATALOG_COMPILER_LAUNCHIMAGE_NAME = LaunchImage;
				GCC_PRECOMPILE_PREFIX_HEADER = YES;
				GCC_PREFIX_HEADER = "button/button-Prefix.pch";
				INFOPLIST_FILE = "button/button-Info.plist";
				PRODUCT_NAME = "$(TARGET_NAME)";
				WRAPPER_EXTENSION = app;
			};
			name = Debug;
		};
		657F32EF1855AA5700F6E7A3 /* Release */ = {
			isa = XCBuildConfiguration;
			buildSettings = {
				ASSETCATALOG_COMPILER_APPICON_NAME = AppIcon;
				ASSETCATALOG_COMPILER_LAUNCHIMAGE_NAME = LaunchImage;
				GCC_PRECOMPILE_PREFIX_HEADER = YES;
				GCC_PREFIX_HEADER = "button/button-Prefix.pch";
				INFOPLIST_FILE = "button/button-Info.plist";
				PRODUCT_NAME = "$(TARGET_NAME)";
				WRAPPER_EXTENSION = app;
			};
			name = Release;
		};
		657F32F11855AA5700F6E7A3 /* Debug */ = {
			isa = XCBuildConfiguration;
			buildSettings = {
				ARCHS = "$(ARCHS_STANDARD_INCLUDING_64_BIT)";
				BUNDLE_LOADER = "$(BUILT_PRODUCTS_DIR)/button.app/button";
				FRAMEWORK_SEARCH_PATHS = (
					"$(SDKROOT)/Developer/Library/Frameworks",
					"$(inherited)",
					"$(DEVELOPER_FRAMEWORKS_DIR)",
				);
				GCC_PRECOMPILE_PREFIX_HEADER = YES;
				GCC_PREFIX_HEADER = "button/button-Prefix.pch";
				GCC_PREPROCESSOR_DEFINITIONS = (
					"DEBUG=1",
					"$(inherited)",
				);
				INFOPLIST_FILE = "buttonTests/buttonTests-Info.plist";
				PRODUCT_NAME = "$(TARGET_NAME)";
				TEST_HOST = "$(BUNDLE_LOADER)";
				WRAPPER_EXTENSION = xctest;
			};
			name = Debug;
		};
		657F32F21855AA5700F6E7A3 /* Release */ = {
			isa = XCBuildConfiguration;
			buildSettings = {
				ARCHS = "$(ARCHS_STANDARD_INCLUDING_64_BIT)";
				BUNDLE_LOADER = "$(BUILT_PRODUCTS_DIR)/button.app/button";
				FRAMEWORK_SEARCH_PATHS = (
					"$(SDKROOT)/Developer/Library/Frameworks",
					"$(inherited)",
					"$(DEVELOPER_FRAMEWORKS_DIR)",
				);
				GCC_PRECOMPILE_PREFIX_HEADER = YES;
				GCC_PREFIX_HEADER = "button/button-Prefix.pch";
				INFOPLIST_FILE = "buttonTests/buttonTests-Info.plist";
				PRODUCT_NAME = "$(TARGET_NAME)";
				TEST_HOST = "$(BUNDLE_LOADER)";
				WRAPPER_EXTENSION = xctest;
			};
			name = Release;
		};
/* End XCBuildConfiguration section */

/* Begin XCConfigurationList section */
		657F32B61855AA5600F6E7A3 /* Build configuration list for PBXProject "button" */ = {
			isa = XCConfigurationList;
			buildConfigurations = (
				657F32EB1855AA5700F6E7A3 /* Debug */,
				657F32EC1855AA5700F6E7A3 /* Release */,
			);
			defaultConfigurationIsVisible = 0;
			defaultConfigurationName = Release;
		};
		657F32ED1855AA5700F6E7A3 /* Build configuration list for PBXNativeTarget "button" */ = {
			isa = XCConfigurationList;
			buildConfigurations = (
				657F32EE1855AA5700F6E7A3 /* Debug */,
				657F32EF1855AA5700F6E7A3 /* Release */,
			);
			defaultConfigurationIsVisible = 0;
		};
		657F32F01855AA5700F6E7A3 /* Build configuration list for PBXNativeTarget "buttonTests" */ = {
			isa = XCConfigurationList;
			buildConfigurations = (
				657F32F11855AA5700F6E7A3 /* Debug */,
				657F32F21855AA5700F6E7A3 /* Release */,
			);
			defaultConfigurationIsVisible = 0;
		};
/* End XCConfigurationList section */
	};
	rootObject = 657F32B31855AA5600F6E7A3 /* Project object */;
}
